// !$*UTF8*$!
{
	archiveVersion = 1;
	classes = {
	};
	objectVersion = 46;
	objects = {

/* Begin PBXBuildFile section */
		6F2F0DAC1D8EC5560011E3AD /* main.m in Sources */ = {isa = PBXBuildFile; fileRef = 6F2F0DAB1D8EC5560011E3AD /* main.m */; };
		6F2F0DAF1D8EC5560011E3AD /* AppDelegate.m in Sources */ = {isa = PBXBuildFile; fileRef = 6F2F0DAE1D8EC5560011E3AD /* AppDelegate.m */; };
		6F2F0DB21D8EC5560011E3AD /* ViewController.m in Sources */ = {isa = PBXBuildFile; fileRef = 6F2F0DB11D8EC5560011E3AD /* ViewController.m */; };
		6F2F0DB51D8EC5560011E3AD /* Main.storyboard in Resources */ = {isa = PBXBuildFile; fileRef = 6F2F0DB31D8EC5560011E3AD /* Main.storyboard */; };
		6F2F0DB71D8EC5560011E3AD /* Assets.xcassets in Resources */ = {isa = PBXBuildFile; fileRef = 6F2F0DB61D8EC5560011E3AD /* Assets.xcassets */; };
		6F2F0DBA1D8EC5560011E3AD /* LaunchScreen.storyboard in Resources */ = {isa = PBXBuildFile; fileRef = 6F2F0DB81D8EC5560011E3AD /* LaunchScreen.storyboard */; };
		6F2F0DC51D8EC5560011E3AD /* FUZAnimationQueueTests.m in Sources */ = {isa = PBXBuildFile; fileRef = 6F2F0DC41D8EC5560011E3AD /* FUZAnimationQueueTests.m */; };
		6F2F0DD11D8ECF0A0011E3AD /* FUZAnimationQueue.m in Sources */ = {isa = PBXBuildFile; fileRef = 6F2F0DD01D8ECF0A0011E3AD /* FUZAnimationQueue.m */; };
/* End PBXBuildFile section */

/* Begin PBXContainerItemProxy section */
		6F2F0DC11D8EC5560011E3AD /* PBXContainerItemProxy */ = {
			isa = PBXContainerItemProxy;
			containerPortal = 6F2F0D9F1D8EC5560011E3AD /* Project object */;
			proxyType = 1;
			remoteGlobalIDString = 6F2F0DA61D8EC5560011E3AD;
			remoteInfo = FUZAnimationQueue;
		};
/* End PBXContainerItemProxy section */

/* Begin PBXFileReference section */
		6F2F0DA71D8EC5560011E3AD /* FUZAnimationQueue.app */ = {isa = PBXFileReference; explicitFileType = wrapper.application; includeInIndex = 0; path = FUZAnimationQueue.app; sourceTree = BUILT_PRODUCTS_DIR; };
		6F2F0DAB1D8EC5560011E3AD /* main.m */ = {isa = PBXFileReference; lastKnownFileType = sourcecode.c.objc; path = main.m; sourceTree = "<group>"; };
		6F2F0DAD1D8EC5560011E3AD /* AppDelegate.h */ = {isa = PBXFileReference; lastKnownFileType = sourcecode.c.h; path = AppDelegate.h; sourceTree = "<group>"; };
		6F2F0DAE1D8EC5560011E3AD /* AppDelegate.m */ = {isa = PBXFileReference; lastKnownFileType = sourcecode.c.objc; path = AppDelegate.m; sourceTree = "<group>"; };
		6F2F0DB01D8EC5560011E3AD /* ViewController.h */ = {isa = PBXFileReference; lastKnownFileType = sourcecode.c.h; path = ViewController.h; sourceTree = "<group>"; };
		6F2F0DB11D8EC5560011E3AD /* ViewController.m */ = {isa = PBXFileReference; lastKnownFileType = sourcecode.c.objc; path = ViewController.m; sourceTree = "<group>"; };
		6F2F0DB41D8EC5560011E3AD /* Base */ = {isa = PBXFileReference; lastKnownFileType = file.storyboard; name = Base; path = Base.lproj/Main.storyboard; sourceTree = "<group>"; };
		6F2F0DB61D8EC5560011E3AD /* Assets.xcassets */ = {isa = PBXFileReference; lastKnownFileType = folder.assetcatalog; path = Assets.xcassets; sourceTree = "<group>"; };
		6F2F0DB91D8EC5560011E3AD /* Base */ = {isa = PBXFileReference; lastKnownFileType = file.storyboard; name = Base; path = Base.lproj/LaunchScreen.storyboard; sourceTree = "<group>"; };
		6F2F0DBB1D8EC5560011E3AD /* Info.plist */ = {isa = PBXFileReference; lastKnownFileType = text.plist.xml; path = Info.plist; sourceTree = "<group>"; };
		6F2F0DC01D8EC5560011E3AD /* FUZAnimationQueueTests.xctest */ = {isa = PBXFileReference; explicitFileType = wrapper.cfbundle; includeInIndex = 0; path = FUZAnimationQueueTests.xctest; sourceTree = BUILT_PRODUCTS_DIR; };
		6F2F0DC41D8EC5560011E3AD /* FUZAnimationQueueTests.m */ = {isa = PBXFileReference; lastKnownFileType = sourcecode.c.objc; path = FUZAnimationQueueTests.m; sourceTree = "<group>"; };
		6F2F0DC61D8EC5560011E3AD /* Info.plist */ = {isa = PBXFileReference; lastKnownFileType = text.plist.xml; path = Info.plist; sourceTree = "<group>"; };
		6F2F0DCF1D8ECF0A0011E3AD /* FUZAnimationQueue.h */ = {isa = PBXFileReference; fileEncoding = 4; lastKnownFileType = sourcecode.c.h; path = FUZAnimationQueue.h; sourceTree = "<group>"; };
		6F2F0DD01D8ECF0A0011E3AD /* FUZAnimationQueue.m */ = {isa = PBXFileReference; fileEncoding = 4; lastKnownFileType = sourcecode.c.objc; path = FUZAnimationQueue.m; sourceTree = "<group>"; };
/* End PBXFileReference section */

/* Begin PBXFrameworksBuildPhase section */
		6F2F0DA41D8EC5560011E3AD /* Frameworks */ = {
			isa = PBXFrameworksBuildPhase;
			buildActionMask = 2147483647;
			files = (
			);
			runOnlyForDeploymentPostprocessing = 0;
		};
		6F2F0DBD1D8EC5560011E3AD /* Frameworks */ = {
			isa = PBXFrameworksBuildPhase;
			buildActionMask = 2147483647;
			files = (
			);
			runOnlyForDeploymentPostprocessing = 0;
		};
/* End PBXFrameworksBuildPhase section */

/* Begin PBXGroup section */
		6F2F0D9E1D8EC5560011E3AD = {
			isa = PBXGroup;
			children = (
				6F2F0DA91D8EC5560011E3AD /* FUZAnimationQueue */,
				6F2F0DC31D8EC5560011E3AD /* FUZAnimationQueueTests */,
				6F2F0DA81D8EC5560011E3AD /* Products */,
			);
			sourceTree = "<group>";
		};
		6F2F0DA81D8EC5560011E3AD /* Products */ = {
			isa = PBXGroup;
			children = (
				6F2F0DA71D8EC5560011E3AD /* FUZAnimationQueue.app */,
				6F2F0DC01D8EC5560011E3AD /* FUZAnimationQueueTests.xctest */,
			);
			name = Products;
			sourceTree = "<group>";
		};
		6F2F0DA91D8EC5560011E3AD /* FUZAnimationQueue */ = {
			isa = PBXGroup;
			children = (
				6F2F0DAD1D8EC5560011E3AD /* AppDelegate.h */,
				6F2F0DAE1D8EC5560011E3AD /* AppDelegate.m */,
				6F2F0DB01D8EC5560011E3AD /* ViewController.h */,
				6F2F0DB11D8EC5560011E3AD /* ViewController.m */,
				6F2F0DB31D8EC5560011E3AD /* Main.storyboard */,
				6F2F0DB61D8EC5560011E3AD /* Assets.xcassets */,
				6F2F0DB81D8EC5560011E3AD /* LaunchScreen.storyboard */,
				6F2F0DBB1D8EC5560011E3AD /* Info.plist */,
				6F2F0DAA1D8EC5560011E3AD /* Supporting Files */,
				6F2F0DCF1D8ECF0A0011E3AD /* FUZAnimationQueue.h */,
				6F2F0DD01D8ECF0A0011E3AD /* FUZAnimationQueue.m */,
			);
			path = FUZAnimationQueue;
			sourceTree = "<group>";
		};
		6F2F0DAA1D8EC5560011E3AD /* Supporting Files */ = {
			isa = PBXGroup;
			children = (
				6F2F0DAB1D8EC5560011E3AD /* main.m */,
			);
			name = "Supporting Files";
			sourceTree = "<group>";
		};
		6F2F0DC31D8EC5560011E3AD /* FUZAnimationQueueTests */ = {
			isa = PBXGroup;
			children = (
				6F2F0DC41D8EC5560011E3AD /* FUZAnimationQueueTests.m */,
				6F2F0DC61D8EC5560011E3AD /* Info.plist */,
			);
			path = FUZAnimationQueueTests;
			sourceTree = "<group>";
		};
/* End PBXGroup section */

/* Begin PBXNativeTarget section */
		6F2F0DA61D8EC5560011E3AD /* FUZAnimationQueue */ = {
			isa = PBXNativeTarget;
			buildConfigurationList = 6F2F0DC91D8EC5560011E3AD /* Build configuration list for PBXNativeTarget "FUZAnimationQueue" */;
			buildPhases = (
				6F2F0DA31D8EC5560011E3AD /* Sources */,
				6F2F0DA41D8EC5560011E3AD /* Frameworks */,
				6F2F0DA51D8EC5560011E3AD /* Resources */,
			);
			buildRules = (
			);
			dependencies = (
			);
			name = FUZAnimationQueue;
			productName = FUZAnimationQueue;
			productReference = 6F2F0DA71D8EC5560011E3AD /* FUZAnimationQueue.app */;
			productType = "com.apple.product-type.application";
		};
		6F2F0DBF1D8EC5560011E3AD /* FUZAnimationQueueTests */ = {
			isa = PBXNativeTarget;
			buildConfigurationList = 6F2F0DCC1D8EC5560011E3AD /* Build configuration list for PBXNativeTarget "FUZAnimationQueueTests" */;
			buildPhases = (
				6F2F0DBC1D8EC5560011E3AD /* Sources */,
				6F2F0DBD1D8EC5560011E3AD /* Frameworks */,
				6F2F0DBE1D8EC5560011E3AD /* Resources */,
			);
			buildRules = (
			);
			dependencies = (
				6F2F0DC21D8EC5560011E3AD /* PBXTargetDependency */,
			);
			name = FUZAnimationQueueTests;
			productName = FUZAnimationQueueTests;
			productReference = 6F2F0DC01D8EC5560011E3AD /* FUZAnimationQueueTests.xctest */;
			productType = "com.apple.product-type.bundle.unit-test";
		};
/* End PBXNativeTarget section */

/* Begin PBXProject section */
		6F2F0D9F1D8EC5560011E3AD /* Project object */ = {
			isa = PBXProject;
			attributes = {
				LastUpgradeCheck = 0800;
				ORGANIZATIONNAME = Fuzza;
				TargetAttributes = {
					6F2F0DA61D8EC5560011E3AD = {
						CreatedOnToolsVersion = 8.0;
						ProvisioningStyle = Manual;
					};
					6F2F0DBF1D8EC5560011E3AD = {
						CreatedOnToolsVersion = 8.0;
						DevelopmentTeam = F4N3K5LSM8;
						ProvisioningStyle = Automatic;
						TestTargetID = 6F2F0DA61D8EC5560011E3AD;
					};
				};
			};
			buildConfigurationList = 6F2F0DA21D8EC5560011E3AD /* Build configuration list for PBXProject "FUZAnimationQueue" */;
			compatibilityVersion = "Xcode 3.2";
			developmentRegion = English;
			hasScannedForEncodings = 0;
			knownRegions = (
				en,
				Base,
			);
			mainGroup = 6F2F0D9E1D8EC5560011E3AD;
			productRefGroup = 6F2F0DA81D8EC5560011E3AD /* Products */;
			projectDirPath = "";
			projectRoot = "";
			targets = (
				6F2F0DA61D8EC5560011E3AD /* FUZAnimationQueue */,
				6F2F0DBF1D8EC5560011E3AD /* FUZAnimationQueueTests */,
			);
		};
/* End PBXProject section */

/* Begin PBXResourcesBuildPhase section */
		6F2F0DA51D8EC5560011E3AD /* Resources */ = {
			isa = PBXResourcesBuildPhase;
			buildActionMask = 2147483647;
			files = (
				6F2F0DBA1D8EC5560011E3AD /* LaunchScreen.storyboard in Resources */,
				6F2F0DB71D8EC5560011E3AD /* Assets.xcassets in Resources */,
				6F2F0DB51D8EC5560011E3AD /* Main.storyboard in Resources */,
			);
			runOnlyForDeploymentPostprocessing = 0;
		};
		6F2F0DBE1D8EC5560011E3AD /* Resources */ = {
			isa = PBXResourcesBuildPhase;
			buildActionMask = 2147483647;
			files = (
			);
			runOnlyForDeploymentPostprocessing = 0;
		};
/* End PBXResourcesBuildPhase section */

/* Begin PBXSourcesBuildPhase section */
		6F2F0DA31D8EC5560011E3AD /* Sources */ = {
			isa = PBXSourcesBuildPhase;
			buildActionMask = 2147483647;
			files = (
				6F2F0DD11D8ECF0A0011E3AD /* FUZAnimationQueue.m in Sources */,
				6F2F0DB21D8EC5560011E3AD /* ViewController.m in Sources */,
				6F2F0DAF1D8EC5560011E3AD /* AppDelegate.m in Sources */,
				6F2F0DAC1D8EC5560011E3AD /* main.m in Sources */,
			);
			runOnlyForDeploymentPostprocessing = 0;
		};
		6F2F0DBC1D8EC5560011E3AD /* Sources */ = {
			isa = PBXSourcesBuildPhase;
			buildActionMask = 2147483647;
			files = (
				6F2F0DC51D8EC5560011E3AD /* FUZAnimationQueueTests.m in Sources */,
			);
			runOnlyForDeploymentPostprocessing = 0;
		};
/* End PBXSourcesBuildPhase section */

/* Begin PBXTargetDependency section */
		6F2F0DC21D8EC5560011E3AD /* PBXTargetDependency */ = {
			isa = PBXTargetDependency;
			target = 6F2F0DA61D8EC5560011E3AD /* FUZAnimationQueue */;
			targetProxy = 6F2F0DC11D8EC5560011E3AD /* PBXContainerItemProxy */;
		};
/* End PBXTargetDependency section */

/* Begin PBXVariantGroup section */
		6F2F0DB31D8EC5560011E3AD /* Main.storyboard */ = {
			isa = PBXVariantGroup;
			children = (
				6F2F0DB41D8EC5560011E3AD /* Base */,
			);
			name = Main.storyboard;
			sourceTree = "<group>";
		};
		6F2F0DB81D8EC5560011E3AD /* LaunchScreen.storyboard */ = {
			isa = PBXVariantGroup;
			children = (
				6F2F0DB91D8EC5560011E3AD /* Base */,
			);
			name = LaunchScreen.storyboard;
			sourceTree = "<group>";
		};
/* End PBXVariantGroup section */

/* Begin XCBuildConfiguration section */
		6F2F0DC71D8EC5560011E3AD /* Debug */ = {
			isa = XCBuildConfiguration;
			buildSettings = {
				ALWAYS_SEARCH_USER_PATHS = NO;
				CLANG_ANALYZER_NONNULL = YES;
				CLANG_CXX_LANGUAGE_STANDARD = "gnu++0x";
				CLANG_CXX_LIBRARY = "libc++";
				CLANG_ENABLE_MODULES = YES;
				CLANG_ENABLE_OBJC_ARC = YES;
				CLANG_WARN_BOOL_CONVERSION = YES;
				CLANG_WARN_CONSTANT_CONVERSION = YES;
				CLANG_WARN_DIRECT_OBJC_ISA_USAGE = YES_ERROR;
				CLANG_WARN_DOCUMENTATION_COMMENTS = YES;
				CLANG_WARN_EMPTY_BODY = YES;
				CLANG_WARN_ENUM_CONVERSION = YES;
				CLANG_WARN_INFINITE_RECURSION = YES;
				CLANG_WARN_INT_CONVERSION = YES;
				CLANG_WARN_OBJC_ROOT_CLASS = YES_ERROR;
				CLANG_WARN_SUSPICIOUS_MOVES = YES;
				CLANG_WARN_UNREACHABLE_CODE = YES;
				CLANG_WARN__DUPLICATE_METHOD_MATCH = YES;
				"CODE_SIGN_IDENTITY[sdk=iphoneos*]" = "iPhone Developer";
				COPY_PHASE_STRIP = NO;
				DEBUG_INFORMATION_FORMAT = dwarf;
				ENABLE_STRICT_OBJC_MSGSEND = YES;
				ENABLE_TESTABILITY = YES;
				GCC_C_LANGUAGE_STANDARD = gnu99;
				GCC_DYNAMIC_NO_PIC = NO;
				GCC_NO_COMMON_BLOCKS = YES;
				GCC_OPTIMIZATION_LEVEL = 0;
				GCC_PREPROCESSOR_DEFINITIONS = (
					"DEBUG=1",
					"$(inherited)",
				);
				GCC_WARN_64_TO_32_BIT_CONVERSION = YES;
				GCC_WARN_ABOUT_RETURN_TYPE = YES_ERROR;
				GCC_WARN_UNDECLARED_SELECTOR = YES;
				GCC_WARN_UNINITIALIZED_AUTOS = YES_AGGRESSIVE;
				GCC_WARN_UNUSED_FUNCTION = YES;
				GCC_WARN_UNUSED_VARIABLE = YES;
				IPHONEOS_DEPLOYMENT_TARGET = 10.0;
				MTL_ENABLE_DEBUG_INFO = YES;
				ONLY_ACTIVE_ARCH = YES;
				SDKROOT = iphoneos;
			};
			name = Debug;
		};
		6F2F0DC81D8EC5560011E3AD /* Release */ = {
			isa = XCBuildConfiguration;
			buildSettings = {
				ALWAYS_SEARCH_USER_PATHS = NO;
				CLANG_ANALYZER_NONNULL = YES;
				CLANG_CXX_LANGUAGE_STANDARD = "gnu++0x";
				CLANG_CXX_LIBRARY = "libc++";
				CLANG_ENABLE_MODULES = YES;
				CLANG_ENABLE_OBJC_ARC = YES;
				CLANG_WARN_BOOL_CONVERSION = YES;
				CLANG_WARN_CONSTANT_CONVERSION = YES;
				CLANG_WARN_DIRECT_OBJC_ISA_USAGE = YES_ERROR;
				CLANG_WARN_DOCUMENTATION_COMMENTS = YES;
				CLANG_WARN_EMPTY_BODY = YES;
				CLANG_WARN_ENUM_CONVERSION = YES;
				CLANG_WARN_INFINITE_RECURSION = YES;
				CLANG_WARN_INT_CONVERSION = YES;
				CLANG_WARN_OBJC_ROOT_CLASS = YES_ERROR;
				CLANG_WARN_SUSPICIOUS_MOVES = YES;
				CLANG_WARN_UNREACHABLE_CODE = YES;
				CLANG_WARN__DUPLICATE_METHOD_MATCH = YES;
				"CODE_SIGN_IDENTITY[sdk=iphoneos*]" = "iPhone Developer";
				COPY_PHASE_STRIP = NO;
				DEBUG_INFORMATION_FORMAT = "dwarf-with-dsym";
				ENABLE_NS_ASSERTIONS = NO;
				ENABLE_STRICT_OBJC_MSGSEND = YES;
				GCC_C_LANGUAGE_STANDARD = gnu99;
				GCC_NO_COMMON_BLOCKS = YES;
				GCC_WARN_64_TO_32_BIT_CONVERSION = YES;
				GCC_WARN_ABOUT_RETURN_TYPE = YES_ERROR;
				GCC_WARN_UNDECLARED_SELECTOR = YES;
				GCC_WARN_UNINITIALIZED_AUTOS = YES_AGGRESSIVE;
				GCC_WARN_UNUSED_FUNCTION = YES;
				GCC_WARN_UNUSED_VARIABLE = YES;
				IPHONEOS_DEPLOYMENT_TARGET = 10.0;
				MTL_ENABLE_DEBUG_INFO = NO;
				SDKROOT = iphoneos;
				VALIDATE_PRODUCT = YES;
			};
			name = Release;
		};
		6F2F0DCA1D8EC5560011E3AD /* Debug */ = {
			isa = XCBuildConfiguration;
			buildSettings = {
				ASSETCATALOG_COMPILER_APPICON_NAME = AppIcon;
				DEVELOPMENT_TEAM = "";
				INFOPLIST_FILE = FUZAnimationQueue/Info.plist;
				LD_RUNPATH_SEARCH_PATHS = "$(inherited) @executable_path/Frameworks";
				PRODUCT_BUNDLE_IDENTIFIER = net.fuzza.FUZAnimationQueue;
				PRODUCT_NAME = "$(TARGET_NAME)";
			};
			name = Debug;
		};
		6F2F0DCB1D8EC5560011E3AD /* Release */ = {
			isa = XCBuildConfiguration;
			buildSettings = {
				ASSETCATALOG_COMPILER_APPICON_NAME = AppIcon;
				DEVELOPMENT_TEAM = "";
				INFOPLIST_FILE = FUZAnimationQueue/Info.plist;
				LD_RUNPATH_SEARCH_PATHS = "$(inherited) @executable_path/Frameworks";
				PRODUCT_BUNDLE_IDENTIFIER = net.fuzza.FUZAnimationQueue;
				PRODUCT_NAME = "$(TARGET_NAME)";
			};
			name = Release;
		};
		6F2F0DCD1D8EC5560011E3AD /* Debug */ = {
			isa = XCBuildConfiguration;
			buildSettings = {
				BUNDLE_LOADER = "$(TEST_HOST)";
				DEVELOPMENT_TEAM = F4N3K5LSM8;
				INFOPLIST_FILE = FUZAnimationQueueTests/Info.plist;
				LD_RUNPATH_SEARCH_PATHS = "$(inherited) @executable_path/Frameworks @loader_path/Frameworks";
				PRODUCT_BUNDLE_IDENTIFIER = net.fuzza.FUZAnimationQueueTests;
				PRODUCT_NAME = "$(TARGET_NAME)";
				TEST_HOST = "$(BUILT_PRODUCTS_DIR)/FUZAnimationQueue.app/FUZAnimationQueue";
			};
			name = Debug;
		};
		6F2F0DCE1D8EC5560011E3AD /* Release */ = {
			isa = XCBuildConfiguration;
			buildSettings = {
				BUNDLE_LOADER = "$(TEST_HOST)";
				DEVELOPMENT_TEAM = F4N3K5LSM8;
				INFOPLIST_FILE = FUZAnimationQueueTests/Info.plist;
				LD_RUNPATH_SEARCH_PATHS = "$(inherited) @executable_path/Frameworks @loader_path/Frameworks";
				PRODUCT_BUNDLE_IDENTIFIER = net.fuzza.FUZAnimationQueueTests;
				PRODUCT_NAME = "$(TARGET_NAME)";
				TEST_HOST = "$(BUILT_PRODUCTS_DIR)/FUZAnimationQueue.app/FUZAnimationQueue";
			};
			name = Release;
		};
/* End XCBuildConfiguration section */

/* Begin XCConfigurationList section */
		6F2F0DA21D8EC5560011E3AD /* Build configuration list for PBXProject "FUZAnimationQueue" */ = {
			isa = XCConfigurationList;
			buildConfigurations = (
				6F2F0DC71D8EC5560011E3AD /* Debug */,
				6F2F0DC81D8EC5560011E3AD /* Release */,
			);
			defaultConfigurationIsVisible = 0;
			defaultConfigurationName = Release;
		};
		6F2F0DC91D8EC5560011E3AD /* Build configuration list for PBXNativeTarget "FUZAnimationQueue" */ = {
			isa = XCConfigurationList;
			buildConfigurations = (
				6F2F0DCA1D8EC5560011E3AD /* Debug */,
				6F2F0DCB1D8EC5560011E3AD /* Release */,
			);
			defaultConfigurationIsVisible = 0;
		};
		6F2F0DCC1D8EC5560011E3AD /* Build configuration list for PBXNativeTarget "FUZAnimationQueueTests" */ = {
			isa = XCConfigurationList;
			buildConfigurations = (
				6F2F0DCD1D8EC5560011E3AD /* Debug */,
				6F2F0DCE1D8EC5560011E3AD /* Release */,
			);
			defaultConfigurationIsVisible = 0;
		};
/* End XCConfigurationList section */
	};
	rootObject = 6F2F0D9F1D8EC5560011E3AD /* Project object */;
}
